// !$*UTF8*$!
{
	archiveVersion = 1;
	classes = {
	};
	objectVersion = 46;
	objects = {

/* Begin PBXBuildFile section */
		244711091F2D252700B3C234 /* AppDelegate.swift in Sources */ = {isa = PBXBuildFile; fileRef = 244711081F2D252700B3C234 /* AppDelegate.swift */; };
		2447110B1F2D252700B3C234 /* ViewController.swift in Sources */ = {isa = PBXBuildFile; fileRef = 2447110A1F2D252700B3C234 /* ViewController.swift */; };
		2447110E1F2D252700B3C234 /* Main.storyboard in Resources */ = {isa = PBXBuildFile; fileRef = 2447110C1F2D252700B3C234 /* Main.storyboard */; };
		244711101F2D252700B3C234 /* Assets.xcassets in Resources */ = {isa = PBXBuildFile; fileRef = 2447110F1F2D252700B3C234 /* Assets.xcassets */; };
		244711131F2D252700B3C234 /* LaunchScreen.storyboard in Resources */ = {isa = PBXBuildFile; fileRef = 244711111F2D252700B3C234 /* LaunchScreen.storyboard */; };
/* End PBXBuildFile section */

/* Begin PBXFileReference section */
		244711051F2D252700B3C234 /* captainwebs-social.app */ = {isa = PBXFileReference; explicitFileType = wrapper.application; includeInIndex = 0; path = "captainwebs-social.app"; sourceTree = BUILT_PRODUCTS_DIR; };
		244711081F2D252700B3C234 /* AppDelegate.swift */ = {isa = PBXFileReference; lastKnownFileType = sourcecode.swift; path = AppDelegate.swift; sourceTree = "<group>"; };
		2447110A1F2D252700B3C234 /* ViewController.swift */ = {isa = PBXFileReference; lastKnownFileType = sourcecode.swift; path = ViewController.swift; sourceTree = "<group>"; };
		2447110D1F2D252700B3C234 /* Base */ = {isa = PBXFileReference; lastKnownFileType = file.storyboard; name = Base; path = Base.lproj/Main.storyboard; sourceTree = "<group>"; };
		2447110F1F2D252700B3C234 /* Assets.xcassets */ = {isa = PBXFileReference; lastKnownFileType = folder.assetcatalog; path = Assets.xcassets; sourceTree = "<group>"; };
		244711121F2D252700B3C234 /* Base */ = {isa = PBXFileReference; lastKnownFileType = file.storyboard; name = Base; path = Base.lproj/LaunchScreen.storyboard; sourceTree = "<group>"; };
		244711141F2D252700B3C234 /* Info.plist */ = {isa = PBXFileReference; lastKnownFileType = text.plist.xml; path = Info.plist; sourceTree = "<group>"; };
/* End PBXFileReference section */

/* Begin PBXFrameworksBuildPhase section */
		244711021F2D252700B3C234 /* Frameworks */ = {
			isa = PBXFrameworksBuildPhase;
			buildActionMask = 2147483647;
			files = (
			);
			runOnlyForDeploymentPostprocessing = 0;
		};
/* End PBXFrameworksBuildPhase section */

/* Begin PBXGroup section */
		244710FC1F2D252700B3C234 = {
			isa = PBXGroup;
			children = (
				244711071F2D252700B3C234 /* captainwebs-social */,
				244711061F2D252700B3C234 /* Products */,
			);
			sourceTree = "<group>";
		};
		244711061F2D252700B3C234 /* Products */ = {
			isa = PBXGroup;
			children = (
				244711051F2D252700B3C234 /* captainwebs-social.app */,
			);
			name = Products;
			sourceTree = "<group>";
		};
		244711071F2D252700B3C234 /* captainwebs-social */ = {
			isa = PBXGroup;
			children = (
				244711081F2D252700B3C234 /* AppDelegate.swift */,
				2447110A1F2D252700B3C234 /* ViewController.swift */,
				2447110C1F2D252700B3C234 /* Main.storyboard */,
				2447110F1F2D252700B3C234 /* Assets.xcassets */,
				244711111F2D252700B3C234 /* LaunchScreen.storyboard */,
				244711141F2D252700B3C234 /* Info.plist */,
			);
			path = "captainwebs-social";
			sourceTree = "<group>";
		};
/* End PBXGroup section */

/* Begin PBXNativeTarget section */
		244711041F2D252700B3C234 /* captainwebs-social */ = {
			isa = PBXNativeTarget;
			buildConfigurationList = 244711171F2D252700B3C234 /* Build configuration list for PBXNativeTarget "captainwebs-social" */;
			buildPhases = (
				244711011F2D252700B3C234 /* Sources */,
				244711021F2D252700B3C234 /* Frameworks */,
				244711031F2D252700B3C234 /* Resources */,
			);
			buildRules = (
			);
			dependencies = (
			);
			name = "captainwebs-social";
			productName = "captainwebs-social";
			productReference = 244711051F2D252700B3C234 /* captainwebs-social.app */;
			productType = "com.apple.product-type.application";
		};
/* End PBXNativeTarget section */

/* Begin PBXProject section */
		244710FD1F2D252700B3C234 /* Project object */ = {
			isa = PBXProject;
			attributes = {
				LastSwiftUpdateCheck = 0830;
				LastUpgradeCheck = 0830;
				ORGANIZATIONNAME = "Nurlan Isazade";
				TargetAttributes = {
					244711041F2D252700B3C234 = {
						CreatedOnToolsVersion = 8.3.2;
						DevelopmentTeam = 8VGTTKE75W;
						ProvisioningStyle = Automatic;
					};
				};
			};
			buildConfigurationList = 244711001F2D252700B3C234 /* Build configuration list for PBXProject "captainwebs-social" */;
			compatibilityVersion = "Xcode 3.2";
			developmentRegion = English;
			hasScannedForEncodings = 0;
			knownRegions = (
				en,
				Base,
			);
			mainGroup = 244710FC1F2D252700B3C234;
			productRefGroup = 244711061F2D252700B3C234 /* Products */;
			projectDirPath = "";
			projectRoot = "";
			targets = (
				244711041F2D252700B3C234 /* captainwebs-social */,
			);
		};
/* End PBXProject section */

/* Begin PBXResourcesBuildPhase section */
		244711031F2D252700B3C234 /* Resources */ = {
			isa = PBXResourcesBuildPhase;
			buildActionMask = 2147483647;
			files = (
				244711131F2D252700B3C234 /* LaunchScreen.storyboard in Resources */,
				244711101F2D252700B3C234 /* Assets.xcassets in Resources */,
				2447110E1F2D252700B3C234 /* Main.storyboard in Resources */,
			);
			runOnlyForDeploymentPostprocessing = 0;
		};
/* End PBXResourcesBuildPhase section */

/* Begin PBXSourcesBuildPhase section */
		244711011F2D252700B3C234 /* Sources */ = {
			isa = PBXSourcesBuildPhase;
			buildActionMask = 2147483647;
			files = (
				2447110B1F2D252700B3C234 /* ViewController.swift in Sources */,
				244711091F2D252700B3C234 /* AppDelegate.swift in Sources */,
			);
			runOnlyForDeploymentPostprocessing = 0;
		};
/* End PBXSourcesBuildPhase section */

/* Begin PBXVariantGroup section */
		2447110C1F2D252700B3C234 /* Main.storyboard */ = {
			isa = PBXVariantGroup;
			children = (
				2447110D1F2D252700B3C234 /* Base */,
			);
			name = Main.storyboard;
			sourceTree = "<group>";
		};
		244711111F2D252700B3C234 /* LaunchScreen.storyboard */ = {
			isa = PBXVariantGroup;
			children = (
				244711121F2D252700B3C234 /* Base */,
			);
			name = LaunchScreen.storyboard;
			sourceTree = "<group>";
		};
/* End PBXVariantGroup section */

/* Begin XCBuildConfiguration section */
		244711151F2D252700B3C234 /* Debug */ = {
			isa = XCBuildConfiguration;
			buildSettings = {
				ALWAYS_SEARCH_USER_PATHS = NO;
				CLANG_ANALYZER_NONNULL = YES;
				CLANG_ANALYZER_NUMBER_OBJECT_CONVERSION = YES_AGGRESSIVE;
				CLANG_CXX_LANGUAGE_STANDARD = "gnu++0x";
				CLANG_CXX_LIBRARY = "libc++";
				CLANG_ENABLE_MODULES = YES;
				CLANG_ENABLE_OBJC_ARC = YES;
				CLANG_WARN_BOOL_CONVERSION = YES;
				CLANG_WARN_CONSTANT_CONVERSION = YES;
				CLANG_WARN_DIRECT_OBJC_ISA_USAGE = YES_ERROR;
				CLANG_WARN_DOCUMENTATION_COMMENTS = YES;
				CLANG_WARN_EMPTY_BODY = YES;
				CLANG_WARN_ENUM_CONVERSION = YES;
				CLANG_WARN_INFINITE_RECURSION = YES;
				CLANG_WARN_INT_CONVERSION = YES;
				CLANG_WARN_OBJC_ROOT_CLASS = YES_ERROR;
				CLANG_WARN_SUSPICIOUS_MOVE = YES;
				CLANG_WARN_UNREACHABLE_CODE = YES;
				CLANG_WARN__DUPLICATE_METHOD_MATCH = YES;
				"CODE_SIGN_IDENTITY[sdk=iphoneos*]" = "iPhone Developer";
				COPY_PHASE_STRIP = NO;
				DEBUG_INFORMATION_FORMAT = dwarf;
				ENABLE_STRICT_OBJC_MSGSEND = YES;
				ENABLE_TESTABILITY = YES;
				GCC_C_LANGUAGE_STANDARD = gnu99;
				GCC_DYNAMIC_NO_PIC = NO;
				GCC_NO_COMMON_BLOCKS = YES;
				GCC_OPTIMIZATION_LEVEL = 0;
				GCC_PREPROCESSOR_DEFINITIONS = (
					"DEBUG=1",
					"$(inherited)",
				);
				GCC_WARN_64_TO_32_BIT_CONVERSION = YES;
				GCC_WARN_ABOUT_RETURN_TYPE = YES_ERROR;
				GCC_WARN_UNDECLARED_SELECTOR = YES;
				GCC_WARN_UNINITIALIZED_AUTOS = YES_AGGRESSIVE;
				GCC_WARN_UNUSED_FUNCTION = YES;
				GCC_WARN_UNUSED_VARIABLE = YES;
				IPHONEOS_DEPLOYMENT_TARGET = 10.3;
				MTL_ENABLE_DEBUG_INFO = YES;
				ONLY_ACTIVE_ARCH = YES;
				SDKROOT = iphoneos;
				SWIFT_ACTIVE_COMPILATION_CONDITIONS = DEBUG;
				SWIFT_OPTIMIZATION_LEVEL = "-Onone";
			};
			name = Debug;
		};
		244711161F2D252700B3C234 /* Release */ = {
			isa = XCBuildConfiguration;
			buildSettings = {
				ALWAYS_SEARCH_USER_PATHS = NO;
				CLANG_ANALYZER_NONNULL = YES;
				CLANG_ANALYZER_NUMBER_OBJECT_CONVERSION = YES_AGGRESSIVE;
				CLANG_CXX_LANGUAGE_STANDARD = "gnu++0x";
				CLANG_CXX_LIBRARY = "libc++";
				CLANG_ENABLE_MODULES = YES;
				CLANG_ENABLE_OBJC_ARC = YES;
				CLANG_WARN_BOOL_CONVERSION = YES;
				CLANG_WARN_CONSTANT_CONVERSION = YES;
				CLANG_WARN_DIRECT_OBJC_ISA_USAGE = YES_ERROR;
				CLANG_WARN_DOCUMENTATION_COMMENTS = YES;
				CLANG_WARN_EMPTY_BODY = YES;
				CLANG_WARN_ENUM_CONVERSION = YES;
				CLANG_WARN_INFINITE_RECURSION = YES;
				CLANG_WARN_INT_CONVERSION = YES;
				CLANG_WARN_OBJC_ROOT_CLASS = YES_ERROR;
				CLANG_WARN_SUSPICIOUS_MOVE = YES;
				CLANG_WARN_UNREACHABLE_CODE = YES;
				CLANG_WARN__DUPLICATE_METHOD_MATCH = YES;
				"CODE_SIGN_IDENTITY[sdk=iphoneos*]" = "iPhone Developer";
				COPY_PHASE_STRIP = NO;
				DEBUG_INFORMATION_FORMAT = "dwarf-with-dsym";
				ENABLE_NS_ASSERTIONS = NO;
				ENABLE_STRICT_OBJC_MSGSEND = YES;
				GCC_C_LANGUAGE_STANDARD = gnu99;
				GCC_NO_COMMON_BLOCKS = YES;
				GCC_WARN_64_TO_32_BIT_CONVERSION = YES;
				GCC_WARN_ABOUT_RETURN_TYPE = YES_ERROR;
				GCC_WARN_UNDECLARED_SELECTOR = YES;
				GCC_WARN_UNINITIALIZED_AUTOS = YES_AGGRESSIVE;
				GCC_WARN_UNUSED_FUNCTION = YES;
				GCC_WARN_UNUSED_VARIABLE = YES;
				IPHONEOS_DEPLOYMENT_TARGET = 10.3;
				MTL_ENABLE_DEBUG_INFO = NO;
				SDKROOT = iphoneos;
				SWIFT_OPTIMIZATION_LEVEL = "-Owholemodule";
				VALIDATE_PRODUCT = YES;
			};
			name = Release;
		};
		244711181F2D252700B3C234 /* Debug */ = {
			isa = XCBuildConfiguration;
			buildSettings = {
				ASSETCATALOG_COMPILER_APPICON_NAME = AppIcon;
				DEVELOPMENT_TEAM = 8VGTTKE75W;
				INFOPLIST_FILE = "captainwebs-social/Info.plist";
				LD_RUNPATH_SEARCH_PATHS = "$(inherited) @executable_path/Frameworks";
				PRODUCT_BUNDLE_IDENTIFIER = "com.captainwebs.captainwebs-social";
				PRODUCT_NAME = "$(TARGET_NAME)";
				SWIFT_VERSION = 3.0;
			};
			name = Debug;
		};
		244711191F2D252700B3C234 /* Release */ = {
			isa = XCBuildConfiguration;
			buildSettings = {
				ASSETCATALOG_COMPILER_APPICON_NAME = AppIcon;
				DEVELOPMENT_TEAM = 8VGTTKE75W;
				INFOPLIST_FILE = "captainwebs-social/Info.plist";
				LD_RUNPATH_SEARCH_PATHS = "$(inherited) @executable_path/Frameworks";
				PRODUCT_BUNDLE_IDENTIFIER = "com.captainwebs.captainwebs-social";
				PRODUCT_NAME = "$(TARGET_NAME)";
				SWIFT_VERSION = 3.0;
			};
			name = Release;
		};
/* End XCBuildConfiguration section */

/* Begin XCConfigurationList section */
		244711001F2D252700B3C234 /* Build configuration list for PBXProject "captainwebs-social" */ = {
			isa = XCConfigurationList;
			buildConfigurations = (
				244711151F2D252700B3C234 /* Debug */,
				244711161F2D252700B3C234 /* Release */,
			);
			defaultConfigurationIsVisible = 0;
			defaultConfigurationName = Release;
		};
		244711171F2D252700B3C234 /* Build configuration list for PBXNativeTarget "captainwebs-social" */ = {
			isa = XCConfigurationList;
			buildConfigurations = (
				244711181F2D252700B3C234 /* Debug */,
				244711191F2D252700B3C234 /* Release */,
			);
			defaultConfigurationIsVisible = 0;
		};
/* End XCConfigurationList section */
	};
	rootObject = 244710FD1F2D252700B3C234 /* Project object */;
}
